
Microsoft Visual Studio Solution File, Format Version 12.00
# Visual Studio Version 16
VisualStudioVersion = 16.0.33328.57
MinimumVisualStudioVersion = 10.0.40219.1
Project("{FAE04EC0-301F-11D3-BF4B-00C04F79EFBC}") = "Learn", "Learn\Learn.csproj", "{C44A001C-929C-4397-931F-A0CA80A8EBDD}"
EndProject
Global
	GlobalSection(SolutionConfigurationPlatforms) = preSolution
		Debug|Any CPU = Debug|Any CPU
		Release|Any CPU = Release|Any CPU
	EndGlobalSection
	GlobalSection(ProjectConfigurationPlatforms) = postSolution
		{C44A001C-929C-4397-931F-A0CA80A8EBDD}.Debug|Any CPU.ActiveCfg = Debug|Any CPU
		{C44A001C-929C-4397-931F-A0CA80A8EBDD}.Debug|Any CPU.Build.0 = Debug|Any CPU
		{C44A001C-929C-4397-931F-A0CA80A8EBDD}.Release|Any CPU.ActiveCfg = Release|Any CPU
		{C44A001C-929C-4397-931F-A0CA80A8EBDD}.Release|Any CPU.Build.0 = Release|Any CPU
	EndGlobalSection
	GlobalSection(SolutionProperties) = preSolution
		HideSolutionNode = FALSE
	EndGlobalSection
	GlobalSection(ExtensibilityGlobals) = postSolution
		SolutionGuid = {2A748946-AC0D-4505-B3DA-B51010B865D2}
	EndGlobalSection
EndGlobal
